
Microsoft Visual Studio Solution File, Format Version 12.00
# Visual Studio Version 17
VisualStudioVersion = 17.7.34031.279
MinimumVisualStudioVersion = 10.0.40219.1
Project("{FAE04EC0-301F-11D3-BF4B-00C04F79EFBC}") = "ZooClinic", "ZooClinic\ZooClinic.csproj", "{EE3E920A-7F9A-4D78-8121-C9AA54C037FC}"
EndProject
Global
	GlobalSection(SolutionConfigurationPlatforms) = preSolution
		Debug|Any CPU = Debug|Any CPU
		Release|Any CPU = Release|Any CPU
	EndGlobalSection
	GlobalSection(ProjectConfigurationPlatforms) = postSolution
		{EE3E920A-7F9A-4D78-8121-C9AA54C037FC}.Debug|Any CPU.ActiveCfg = Debug|Any CPU
		{EE3E920A-7F9A-4D78-8121-C9AA54C037FC}.Debug|Any CPU.Build.0 = Debug|Any CPU
		{EE3E920A-7F9A-4D78-8121-C9AA54C037FC}.Release|Any CPU.ActiveCfg = Release|Any CPU
		{EE3E920A-7F9A-4D78-8121-C9AA54C037FC}.Release|Any CPU.Build.0 = Release|Any CPU
	EndGlobalSection
	GlobalSection(SolutionProperties) = preSolution
		HideSolutionNode = FALSE
	EndGlobalSection
	GlobalSection(ExtensibilityGlobals) = postSolution
		SolutionGuid = {CDBF9D37-945B-4796-848C-6556EDA8969E}
	EndGlobalSection
EndGlobal
